
Microsoft Visual Studio Solution File, Format Version 12.00
# Visual Studio Version 17
VisualStudioVersion = 17.8.34309.116
MinimumVisualStudioVersion = 10.0.40219.1
Project("{FAE04EC0-301F-11D3-BF4B-00C04F79EFBC}") = "FDBlog.Web", "FDBlog.Web\FDBlog.Web.csproj", "{0BC2DB33-92F5-464A-89EA-CB369D25938D}"
EndProject
Project("{FAE04EC0-301F-11D3-BF4B-00C04F79EFBC}") = "FDBlog.Dal", "FDBlog.Dal\FDBlog.Dal.csproj", "{47207EB6-4895-43D5-B399-CC6AB4557286}"
EndProject
Project("{FAE04EC0-301F-11D3-BF4B-00C04F79EFBC}") = "FDBlog.Entity", "FDBlog.Entity\FDBlog.Entity.csproj", "{ED97B23C-1A47-44FA-B313-2CB3C4122D42}"
EndProject
Project("{FAE04EC0-301F-11D3-BF4B-00C04F79EFBC}") = "FDBlog.Core", "FDBlog.Core\FDBlog.Core.csproj", "{A89B7FD6-40FC-4421-B6A7-8972D61DD042}"
EndProject
Project("{FAE04EC0-301F-11D3-BF4B-00C04F79EFBC}") = "FDBlog.Service", "FDBlog.Service\FDBlog.Service.csproj", "{FB7BF579-6BAB-4D0C-AD1D-B3EF30D359B4}"
EndProject
Global
	GlobalSection(SolutionConfigurationPlatforms) = preSolution
		Debug|Any CPU = Debug|Any CPU
		Release|Any CPU = Release|Any CPU
	EndGlobalSection
	GlobalSection(ProjectConfigurationPlatforms) = postSolution
		{0BC2DB33-92F5-464A-89EA-CB369D25938D}.Debug|Any CPU.ActiveCfg = Debug|Any CPU
		{0BC2DB33-92F5-464A-89EA-CB369D25938D}.Debug|Any CPU.Build.0 = Debug|Any CPU
		{0BC2DB33-92F5-464A-89EA-CB369D25938D}.Release|Any CPU.ActiveCfg = Release|Any CPU
		{0BC2DB33-92F5-464A-89EA-CB369D25938D}.Release|Any CPU.Build.0 = Release|Any CPU
		{47207EB6-4895-43D5-B399-CC6AB4557286}.Debug|Any CPU.ActiveCfg = Debug|Any CPU
		{47207EB6-4895-43D5-B399-CC6AB4557286}.Debug|Any CPU.Build.0 = Debug|Any CPU
		{47207EB6-4895-43D5-B399-CC6AB4557286}.Release|Any CPU.ActiveCfg = Release|Any CPU
		{47207EB6-4895-43D5-B399-CC6AB4557286}.Release|Any CPU.Build.0 = Release|Any CPU
		{ED97B23C-1A47-44FA-B313-2CB3C4122D42}.Debug|Any CPU.ActiveCfg = Debug|Any CPU
		{ED97B23C-1A47-44FA-B313-2CB3C4122D42}.Debug|Any CPU.Build.0 = Debug|Any CPU
		{ED97B23C-1A47-44FA-B313-2CB3C4122D42}.Release|Any CPU.ActiveCfg = Release|Any CPU
		{ED97B23C-1A47-44FA-B313-2CB3C4122D42}.Release|Any CPU.Build.0 = Release|Any CPU
		{A89B7FD6-40FC-4421-B6A7-8972D61DD042}.Debug|Any CPU.ActiveCfg = Debug|Any CPU
		{A89B7FD6-40FC-4421-B6A7-8972D61DD042}.Debug|Any CPU.Build.0 = Debug|Any CPU
		{A89B7FD6-40FC-4421-B6A7-8972D61DD042}.Release|Any CPU.ActiveCfg = Release|Any CPU
		{A89B7FD6-40FC-4421-B6A7-8972D61DD042}.Release|Any CPU.Build.0 = Release|Any CPU
		{FB7BF579-6BAB-4D0C-AD1D-B3EF30D359B4}.Debug|Any CPU.ActiveCfg = Debug|Any CPU
		{FB7BF579-6BAB-4D0C-AD1D-B3EF30D359B4}.Debug|Any CPU.Build.0 = Debug|Any CPU
		{FB7BF579-6BAB-4D0C-AD1D-B3EF30D359B4}.Release|Any CPU.ActiveCfg = Release|Any CPU
		{FB7BF579-6BAB-4D0C-AD1D-B3EF30D359B4}.Release|Any CPU.Build.0 = Release|Any CPU
	EndGlobalSection
	GlobalSection(SolutionProperties) = preSolution
		HideSolutionNode = FALSE
	EndGlobalSection
	GlobalSection(ExtensibilityGlobals) = postSolution
		SolutionGuid = {56BBB003-A869-48E7-9C9F-1DB41C66F943}
	EndGlobalSection
EndGlobal
